<?xml version="1.0" encoding="utf-8"?>
<Project ToolsVersion="4.0" xmlns="http://schemas.microsoft.com/developer/msbuild/2003">
  <ItemGroup>
    <Filter Include="Source">
      <UniqueIdentifier>{4FC737F1-C7A5-4376-A066-2A32D752A2FF}</UniqueIdentifier>
      <Extensions>cpp;c;cc;cxx;c++;cppm;ixx;def;odl;idl;hpj;bat;asm;asmx</Extensions>
    </Filter>
    <Filter Include="Assets">
      <UniqueIdentifier>{36727eae-7184-4dd2-b95c-bb41621d0658}</UniqueIdentifier>
    </Filter>
    <Filter Include="Assets\Space">
      <UniqueIdentifier>{6a63b010-684d-42c7-9836-2775d8b02fc3}</UniqueIdentifier>
    </Filter>
    <Filter Include="Assets\Platformer">
      <UniqueIdentifier>{0a5503d9-c046-4f44-92a0-e87b0af621f3}</UniqueIdentifier>
    </Filter>
    <Filter Include="Source\Platformer">
      <UniqueIdentifier>{9a89d2a5-e776-4546-9a22-0daebe64abef}</UniqueIdentifier>
    </Filter>
    <Filter Include="Source\Space">
      <UniqueIdentifier>{44c42eae-959b-4d02-ab64-18d280735ad5}</UniqueIdentifier>
    </Filter>
    <Filter Include="Assets\Platformer\PlayerAnim">
      <UniqueIdentifier>{4640f0e2-7caf-457c-8e9d-c73755989547}</UniqueIdentifier>
    </Filter>
  </ItemGroup>
  <ItemGroup>
    <ClCompile Include="Game\Enemy.cpp">
      <Filter>Source\Space</Filter>
    </ClCompile>
    <ClCompile Include="Game\Player.cpp">
      <Filter>Source\Space</Filter>
    </ClCompile>
    <ClCompile Include="Main.cpp" />
    <ClCompile Include="Game\SpaceGame.cpp">
      <Filter>Source\Space</Filter>
    </ClCompile>
    <ClCompile Include="GameDada.cpp">
      <Filter>Source\Space</Filter>
    </ClCompile>
    <ClCompile Include="Game\Rocket.cpp">
      <Filter>Source\Space</Filter>
    </ClCompile>
    <ClCompile Include="GamePCH.cpp">
      <Filter>Source</Filter>
    </ClCompile>
    <ClCompile Include="Platformer\PlatformerGame.cpp">
      <Filter>Source\Platformer</Filter>
    </ClCompile>
    <ClCompile Include="Platformer\PlayerController.cpp">
      <Filter>Source\Platformer</Filter>
    </ClCompile>
    <ClCompile Include="Platformer\EnemyController.cpp">
      <Filter>Source\Platformer</Filter>
    </ClCompile>
    <ClCompile Include="Platformer\FlyingEnemyController.cpp">
      <Filter>Source\Platformer</Filter>
    </ClCompile>
    <ClCompile Include="Platformer\Pickup.cpp">
      <Filter>Source\Platformer</Filter>
    </ClCompile>
  </ItemGroup>
  <ItemGroup>
    <ClInclude Include="Game\Player.h">
      <Filter>Source\Space</Filter>
    </ClInclude>
    <ClInclude Include="Game\Enemy.h">
      <Filter>Source\Space</Filter>
    </ClInclude>
    <ClInclude Include="Game\SpaceGame.h">
      <Filter>Source\Space</Filter>
    </ClInclude>
    <ClInclude Include="GameData.h">
      <Filter>Source\Space</Filter>
    </ClInclude>
    <ClInclude Include="Game\Rocket.h">
      <Filter>Source\Space</Filter>
    </ClInclude>
    <ClInclude Include="GamePCH.h">
      <Filter>Source</Filter>
    </ClInclude>
    <ClInclude Include="Platformer\PlatformerGame.h">
      <Filter>Source\Platformer</Filter>
    </ClInclude>
    <ClInclude Include="Platformer\PlayerController.h">
      <Filter>Source\Platformer</Filter>
    </ClInclude>
    <ClInclude Include="Platformer\EnemyController.h">
      <Filter>Source\Platformer</Filter>
    </ClInclude>
    <ClInclude Include="Platformer\FlyingEnemyController.h">
      <Filter>Source\Platformer</Filter>
    </ClInclude>
    <ClInclude Include="Platformer\Pickup.h">
      <Filter>Source\Platformer</Filter>
    </ClInclude>
  </ItemGroup>
  <ItemGroup>
    <Text Include="..\..\Build\Assets\Meshes\Enemy.txt">
      <Filter>Assets\Space</Filter>
    </Text>
  </ItemGroup>
  <ItemGroup>
    <None Include="..\..\Build\Assets\scene.json">
      <Filter>Assets\Space</Filter>
    </None>
    <None Include="..\..\Build\Assets\PlatFormer\Scenes\level.json">
      <Filter>Assets\Platformer</Filter>
    </None>
    <None Include="..\..\Build\Assets\PlatFormer\Scenes\prototype.json">
      <Filter>Assets\Platformer</Filter>
    </None>
    <None Include="..\..\Build\Assets\Platformer\Tilemaps\tilemap.json">
      <Filter>Assets\Platformer</Filter>
    </None>
    <None Include="..\..\Build\Assets\Platformer\Animations\bat_idle.json">
      <Filter>Assets\Platformer</Filter>
    </None>
    <None Include="..\..\Build\Assets\Platformer\Animations\coin.json">
      <Filter>Assets\Platformer</Filter>
    </None>
    <None Include="..\..\Build\Assets\Platformer\Animations\PlayerAnim\Idle.json">
      <Filter>Assets\Platformer\PlayerAnim</Filter>
    </None>
    <None Include="..\..\Build\Assets\Platformer\Animations\PlayerAnim\walk.json">
      <Filter>Assets\Platformer\PlayerAnim</Filter>
    </None>
    <None Include="..\..\Build\Assets\Platformer\Animations\PlayerAnim\run.json">
      <Filter>Assets\Platformer\PlayerAnim</Filter>
    </None>
    <None Include="..\..\Build\Assets\Platformer\Animations\PlayerAnim\jump.json">
      <Filter>Assets\Platformer\PlayerAnim</Filter>
    </None>
  </ItemGroup>
</Project>